// !$*UTF8*$!
{
	archiveVersion = 1;
	classes = {
	};
	objectVersion = 55;
	objects = {

/* Begin PBXBuildFile section */
		CA07D4D62802C8B9001C5233 /* CoinImageView.swift in Sources */ = {isa = PBXBuildFile; fileRef = CA07D4D52802C8B9001C5233 /* CoinImageView.swift */; };
		CA07D4D82802CB6C001C5233 /* CoinImageService.swift in Sources */ = {isa = PBXBuildFile; fileRef = CA07D4D72802CB6C001C5233 /* CoinImageService.swift */; };
		CA07D4DA2802D0ED001C5233 /* CoinImageViewModel.swift in Sources */ = {isa = PBXBuildFile; fileRef = CA07D4D92802D0ED001C5233 /* CoinImageViewModel.swift */; };
		CA07D4DC2802F21C001C5233 /* LocalFileManager.swift in Sources */ = {isa = PBXBuildFile; fileRef = CA07D4DB2802F21C001C5233 /* LocalFileManager.swift */; };
		CA07D4DE280309F0001C5233 /* SearchBarView.swift in Sources */ = {isa = PBXBuildFile; fileRef = CA07D4DD280309F0001C5233 /* SearchBarView.swift */; };
		CA07D4E028031016001C5233 /* UIApplication.swift in Sources */ = {isa = PBXBuildFile; fileRef = CA07D4DF28031016001C5233 /* UIApplication.swift */; };
		CA07D4E2280331DA001C5233 /* StatisticModel.swift in Sources */ = {isa = PBXBuildFile; fileRef = CA07D4E1280331DA001C5233 /* StatisticModel.swift */; };
		CA07D4E428034A31001C5233 /* StatisticView.swift in Sources */ = {isa = PBXBuildFile; fileRef = CA07D4E328034A31001C5233 /* StatisticView.swift */; };
		CA07D4E828035291001C5233 /* HomeStatsView.swift in Sources */ = {isa = PBXBuildFile; fileRef = CA07D4E728035291001C5233 /* HomeStatsView.swift */; };
		CA07D4EA28036B73001C5233 /* MarketDataModel.swift in Sources */ = {isa = PBXBuildFile; fileRef = CA07D4E928036B73001C5233 /* MarketDataModel.swift */; };
		CA07D4EC2803711B001C5233 /* MarketDataService.swift in Sources */ = {isa = PBXBuildFile; fileRef = CA07D4EB2803711B001C5233 /* MarketDataService.swift */; };
		CA23554428004319007F80AF /* CryptoManagerApp.swift in Sources */ = {isa = PBXBuildFile; fileRef = CA23553428004317007F80AF /* CryptoManagerApp.swift */; };
		CA23554528004319007F80AF /* CryptoManagerApp.swift in Sources */ = {isa = PBXBuildFile; fileRef = CA23553428004317007F80AF /* CryptoManagerApp.swift */; };
		CA23555328004893007F80AF /* Assets.xcassets in Resources */ = {isa = PBXBuildFile; fileRef = CA23555228004892007F80AF /* Assets.xcassets */; };
		CA235556280048E9007F80AF /* Color.swift in Sources */ = {isa = PBXBuildFile; fileRef = CA235555280048E9007F80AF /* Color.swift */; };
		CA23555C28004AFF007F80AF /* HomeView.swift in Sources */ = {isa = PBXBuildFile; fileRef = CA23555B28004AFF007F80AF /* HomeView.swift */; };
		CA2CD9D72809A2B7006F99AB /* DetailView.swift in Sources */ = {isa = PBXBuildFile; fileRef = CA2CD9D62809A2B7006F99AB /* DetailView.swift */; };
		CA2CD9D92809C399006F99AB /* CoinDetailModel.swift in Sources */ = {isa = PBXBuildFile; fileRef = CA2CD9D82809C399006F99AB /* CoinDetailModel.swift */; };
		CA2CD9DB2809C70D006F99AB /* DetailViewModel.swift in Sources */ = {isa = PBXBuildFile; fileRef = CA2CD9DA2809C70D006F99AB /* DetailViewModel.swift */; };
		CA2CD9DD2809C786006F99AB /* CoinDetailDataService.swift in Sources */ = {isa = PBXBuildFile; fileRef = CA2CD9DC2809C786006F99AB /* CoinDetailDataService.swift */; };
		CA5007C52800775300C39485 /* CircleButtonView.swift in Sources */ = {isa = PBXBuildFile; fileRef = CA5007C42800775300C39485 /* CircleButtonView.swift */; };
		CA5007C7280080F600C39485 /* CircleButtonAnimationView.swift in Sources */ = {isa = PBXBuildFile; fileRef = CA5007C6280080F600C39485 /* CircleButtonAnimationView.swift */; };
		CA5007CA2800863100C39485 /* CoinModel.swift in Sources */ = {isa = PBXBuildFile; fileRef = CA5007C92800863100C39485 /* CoinModel.swift */; };
		CA75A4E0280474AC00FEDB30 /* PortfolioView.swift in Sources */ = {isa = PBXBuildFile; fileRef = CA75A4DF280474AC00FEDB30 /* PortfolioView.swift */; };
		CA75A4E22804797C00FEDB30 /* XMarkButton.swift in Sources */ = {isa = PBXBuildFile; fileRef = CA75A4E12804797C00FEDB30 /* XMarkButton.swift */; };
		CA75A4E4280481A900FEDB30 /* CoinLogoView.swift in Sources */ = {isa = PBXBuildFile; fileRef = CA75A4E3280481A900FEDB30 /* CoinLogoView.swift */; };
		CAA0F9C92801F2C100DF8471 /* HomeViewModel.swift in Sources */ = {isa = PBXBuildFile; fileRef = CAA0F9C82801F2C100DF8471 /* HomeViewModel.swift */; };
		CAA0F9CC2802051D00DF8471 /* CoinDataService.swift in Sources */ = {isa = PBXBuildFile; fileRef = CAA0F9CB2802051D00DF8471 /* CoinDataService.swift */; };
		CAA0F9CF2802120D00DF8471 /* NetworkingManager.swift in Sources */ = {isa = PBXBuildFile; fileRef = CAA0F9CE2802120D00DF8471 /* NetworkingManager.swift */; };
		CACC23852805E8A60056A20F /* LazyVGridView.swift in Sources */ = {isa = PBXBuildFile; fileRef = CACC23842805E8A60056A20F /* LazyVGridView.swift */; };
		CADDC13C280823360027592F /* PortfolioContainer.xcdatamodeld in Sources */ = {isa = PBXBuildFile; fileRef = CADDC13A280823360027592F /* PortfolioContainer.xcdatamodeld */; };
		CADDC13E280835080027592F /* PortfolioDataService.swift in Sources */ = {isa = PBXBuildFile; fileRef = CADDC13D280835080027592F /* PortfolioDataService.swift */; };
		CADDC1402808AF410027592F /* HapticManager.swift in Sources */ = {isa = PBXBuildFile; fileRef = CADDC13F2808AF410027592F /* HapticManager.swift */; };
		CAF7213F2801CDF400DD77F6 /* CoinRowView.swift in Sources */ = {isa = PBXBuildFile; fileRef = CAF7213E2801CDF400DD77F6 /* CoinRowView.swift */; };
		CAF721412801CFBA00DD77F6 /* PreviewProvider.swift in Sources */ = {isa = PBXBuildFile; fileRef = CAF721402801CFBA00DD77F6 /* PreviewProvider.swift */; };
		CAF721442801D8C300DD77F6 /* Double.swift in Sources */ = {isa = PBXBuildFile; fileRef = CAF721432801D8C300DD77F6 /* Double.swift */; };
/* End PBXBuildFile section */

/* Begin PBXFileReference section */
		CA07D4D52802C8B9001C5233 /* CoinImageView.swift */ = {isa = PBXFileReference; lastKnownFileType = sourcecode.swift; path = CoinImageView.swift; sourceTree = "<group>"; };
		CA07D4D72802CB6C001C5233 /* CoinImageService.swift */ = {isa = PBXFileReference; lastKnownFileType = sourcecode.swift; path = CoinImageService.swift; sourceTree = "<group>"; };
		CA07D4D92802D0ED001C5233 /* CoinImageViewModel.swift */ = {isa = PBXFileReference; lastKnownFileType = sourcecode.swift; path = CoinImageViewModel.swift; sourceTree = "<group>"; };
		CA07D4DB2802F21C001C5233 /* LocalFileManager.swift */ = {isa = PBXFileReference; lastKnownFileType = sourcecode.swift; path = LocalFileManager.swift; sourceTree = "<group>"; };
		CA07D4DD280309F0001C5233 /* SearchBarView.swift */ = {isa = PBXFileReference; lastKnownFileType = sourcecode.swift; path = SearchBarView.swift; sourceTree = "<group>"; };
		CA07D4DF28031016001C5233 /* UIApplication.swift */ = {isa = PBXFileReference; lastKnownFileType = sourcecode.swift; path = UIApplication.swift; sourceTree = "<group>"; };
		CA07D4E1280331DA001C5233 /* StatisticModel.swift */ = {isa = PBXFileReference; lastKnownFileType = sourcecode.swift; path = StatisticModel.swift; sourceTree = "<group>"; };
		CA07D4E328034A31001C5233 /* StatisticView.swift */ = {isa = PBXFileReference; lastKnownFileType = sourcecode.swift; path = StatisticView.swift; sourceTree = "<group>"; };
		CA07D4E728035291001C5233 /* HomeStatsView.swift */ = {isa = PBXFileReference; lastKnownFileType = sourcecode.swift; path = HomeStatsView.swift; sourceTree = "<group>"; };
		CA07D4E928036B73001C5233 /* MarketDataModel.swift */ = {isa = PBXFileReference; lastKnownFileType = sourcecode.swift; path = MarketDataModel.swift; sourceTree = "<group>"; };
		CA07D4EB2803711B001C5233 /* MarketDataService.swift */ = {isa = PBXFileReference; lastKnownFileType = sourcecode.swift; path = MarketDataService.swift; sourceTree = "<group>"; };
		CA23553428004317007F80AF /* CryptoManagerApp.swift */ = {isa = PBXFileReference; lastKnownFileType = sourcecode.swift; path = CryptoManagerApp.swift; sourceTree = "<group>"; };
		CA23553B28004319007F80AF /* CryptoManager.app */ = {isa = PBXFileReference; explicitFileType = wrapper.application; includeInIndex = 0; path = CryptoManager.app; sourceTree = BUILT_PRODUCTS_DIR; };
		CA23554128004319007F80AF /* CryptoManager.app */ = {isa = PBXFileReference; explicitFileType = wrapper.application; includeInIndex = 0; path = CryptoManager.app; sourceTree = BUILT_PRODUCTS_DIR; };
		CA23554328004319007F80AF /* macOS.entitlements */ = {isa = PBXFileReference; lastKnownFileType = text.plist.entitlements; path = macOS.entitlements; sourceTree = "<group>"; };
		CA23555228004892007F80AF /* Assets.xcassets */ = {isa = PBXFileReference; lastKnownFileType = folder.assetcatalog; name = Assets.xcassets; path = ../../../Downloads/Resources/Assets.xcassets; sourceTree = "<group>"; };
		CA235555280048E9007F80AF /* Color.swift */ = {isa = PBXFileReference; lastKnownFileType = sourcecode.swift; path = Color.swift; sourceTree = "<group>"; };
		CA23555B28004AFF007F80AF /* HomeView.swift */ = {isa = PBXFileReference; lastKnownFileType = sourcecode.swift; path = HomeView.swift; sourceTree = "<group>"; };
		CA2CD9D62809A2B7006F99AB /* DetailView.swift */ = {isa = PBXFileReference; lastKnownFileType = sourcecode.swift; path = DetailView.swift; sourceTree = "<group>"; };
		CA2CD9D82809C399006F99AB /* CoinDetailModel.swift */ = {isa = PBXFileReference; lastKnownFileType = sourcecode.swift; path = CoinDetailModel.swift; sourceTree = "<group>"; };
		CA2CD9DA2809C70D006F99AB /* DetailViewModel.swift */ = {isa = PBXFileReference; lastKnownFileType = sourcecode.swift; path = DetailViewModel.swift; sourceTree = "<group>"; };
		CA2CD9DC2809C786006F99AB /* CoinDetailDataService.swift */ = {isa = PBXFileReference; lastKnownFileType = sourcecode.swift; path = CoinDetailDataService.swift; sourceTree = "<group>"; };
		CA5007C42800775300C39485 /* CircleButtonView.swift */ = {isa = PBXFileReference; lastKnownFileType = sourcecode.swift; path = CircleButtonView.swift; sourceTree = "<group>"; };
		CA5007C6280080F600C39485 /* CircleButtonAnimationView.swift */ = {isa = PBXFileReference; lastKnownFileType = sourcecode.swift; path = CircleButtonAnimationView.swift; sourceTree = "<group>"; };
		CA5007C92800863100C39485 /* CoinModel.swift */ = {isa = PBXFileReference; lastKnownFileType = sourcecode.swift; path = CoinModel.swift; sourceTree = "<group>"; };
		CA75A4DF280474AC00FEDB30 /* PortfolioView.swift */ = {isa = PBXFileReference; lastKnownFileType = sourcecode.swift; path = PortfolioView.swift; sourceTree = "<group>"; };
		CA75A4E12804797C00FEDB30 /* XMarkButton.swift */ = {isa = PBXFileReference; lastKnownFileType = sourcecode.swift; path = XMarkButton.swift; sourceTree = "<group>"; };
		CA75A4E3280481A900FEDB30 /* CoinLogoView.swift */ = {isa = PBXFileReference; lastKnownFileType = sourcecode.swift; path = CoinLogoView.swift; sourceTree = "<group>"; };
		CAA0F9C82801F2C100DF8471 /* HomeViewModel.swift */ = {isa = PBXFileReference; lastKnownFileType = sourcecode.swift; path = HomeViewModel.swift; sourceTree = "<group>"; };
		CAA0F9CB2802051D00DF8471 /* CoinDataService.swift */ = {isa = PBXFileReference; lastKnownFileType = sourcecode.swift; path = CoinDataService.swift; sourceTree = "<group>"; };
		CAA0F9CE2802120D00DF8471 /* NetworkingManager.swift */ = {isa = PBXFileReference; lastKnownFileType = sourcecode.swift; path = NetworkingManager.swift; sourceTree = "<group>"; };
		CACC23842805E8A60056A20F /* LazyVGridView.swift */ = {isa = PBXFileReference; lastKnownFileType = sourcecode.swift; path = LazyVGridView.swift; sourceTree = "<group>"; };
		CADDC13B280823360027592F /* PortfolioContainer.xcdatamodel */ = {isa = PBXFileReference; lastKnownFileType = wrapper.xcdatamodel; path = PortfolioContainer.xcdatamodel; sourceTree = "<group>"; };
		CADDC13D280835080027592F /* PortfolioDataService.swift */ = {isa = PBXFileReference; lastKnownFileType = sourcecode.swift; path = PortfolioDataService.swift; sourceTree = "<group>"; };
		CADDC13F2808AF410027592F /* HapticManager.swift */ = {isa = PBXFileReference; lastKnownFileType = sourcecode.swift; path = HapticManager.swift; sourceTree = "<group>"; };
		CAF7213E2801CDF400DD77F6 /* CoinRowView.swift */ = {isa = PBXFileReference; lastKnownFileType = sourcecode.swift; path = CoinRowView.swift; sourceTree = "<group>"; };
		CAF721402801CFBA00DD77F6 /* PreviewProvider.swift */ = {isa = PBXFileReference; lastKnownFileType = sourcecode.swift; path = PreviewProvider.swift; sourceTree = "<group>"; };
		CAF721432801D8C300DD77F6 /* Double.swift */ = {isa = PBXFileReference; lastKnownFileType = sourcecode.swift; path = Double.swift; sourceTree = "<group>"; };
/* End PBXFileReference section */

/* Begin PBXFrameworksBuildPhase section */
		CA23553828004319007F80AF /* Frameworks */ = {
			isa = PBXFrameworksBuildPhase;
			buildActionMask = 2147483647;
			files = (
			);
			runOnlyForDeploymentPostprocessing = 0;
		};
		CA23553E28004319007F80AF /* Frameworks */ = {
			isa = PBXFrameworksBuildPhase;
			buildActionMask = 2147483647;
			files = (
			);
			runOnlyForDeploymentPostprocessing = 0;
		};
/* End PBXFrameworksBuildPhase section */

/* Begin PBXGroup section */
		CA07D4D42802C8A2001C5233 /* CoinImage */ = {
			isa = PBXGroup;
			children = (
				CA07D4D52802C8B9001C5233 /* CoinImageView.swift */,
				CA07D4D92802D0ED001C5233 /* CoinImageViewModel.swift */,
				CA75A4E3280481A900FEDB30 /* CoinLogoView.swift */,
			);
			path = CoinImage;
			sourceTree = "<group>";
		};
		CA23552E28004316007F80AF = {
			isa = PBXGroup;
			children = (
				CA23553328004317007F80AF /* Shared */,
				CA23554228004319007F80AF /* macOS */,
				CA23553C28004319007F80AF /* Products */,
			);
			sourceTree = "<group>";
		};
		CA23553328004317007F80AF /* Shared */ = {
			isa = PBXGroup;
			children = (
				CA23553428004317007F80AF /* CryptoManagerApp.swift */,
				CAA0F9CD2802116900DF8471 /* Utilities */,
				CA235554280048D6007F80AF /* Extensions */,
				CAA0F9CA2802050300DF8471 /* Services */,
				CA5007C82800862100C39485 /* Models */,
				CA23555728004AB9007F80AF /* Core */,
				CA23555228004892007F80AF /* Assets.xcassets */,
			);
			path = Shared;
			sourceTree = "<group>";
		};
		CA23553C28004319007F80AF /* Products */ = {
			isa = PBXGroup;
			children = (
				CA23553B28004319007F80AF /* CryptoManager.app */,
				CA23554128004319007F80AF /* CryptoManager.app */,
			);
			name = Products;
			sourceTree = "<group>";
		};
		CA23554228004319007F80AF /* macOS */ = {
			isa = PBXGroup;
			children = (
				CA23554328004319007F80AF /* macOS.entitlements */,
			);
			path = macOS;
			sourceTree = "<group>";
		};
		CA235554280048D6007F80AF /* Extensions */ = {
			isa = PBXGroup;
			children = (
				CA235555280048E9007F80AF /* Color.swift */,
				CAF721402801CFBA00DD77F6 /* PreviewProvider.swift */,
				CAF721432801D8C300DD77F6 /* Double.swift */,
				CA07D4DF28031016001C5233 /* UIApplication.swift */,
				CA75A4E12804797C00FEDB30 /* XMarkButton.swift */,
			);
			path = Extensions;
			sourceTree = "<group>";
		};
		CA23555728004AB9007F80AF /* Core */ = {
			isa = PBXGroup;
			children = (
				CA5007C2280076F800C39485 /* Components */,
				CA23555828004AC0007F80AF /* Home */,
				CA2CD9D32809A223006F99AB /* Detail */,
			);
			path = Core;
			sourceTree = "<group>";
		};
		CA23555828004AC0007F80AF /* Home */ = {
			isa = PBXGroup;
			children = (
				CA23555928004ACC007F80AF /* ViewModels */,
				CA23555A28004AD5007F80AF /* View */,
			);
			path = Home;
			sourceTree = "<group>";
		};
		CA23555928004ACC007F80AF /* ViewModels */ = {
			isa = PBXGroup;
			children = (
				CAA0F9C82801F2C100DF8471 /* HomeViewModel.swift */,
			);
			path = ViewModels;
			sourceTree = "<group>";
		};
		CA23555A28004AD5007F80AF /* View */ = {
			isa = PBXGroup;
			children = (
				CA23555B28004AFF007F80AF /* HomeView.swift */,
				CAF7213E2801CDF400DD77F6 /* CoinRowView.swift */,
				CA07D4E728035291001C5233 /* HomeStatsView.swift */,
				CA75A4DF280474AC00FEDB30 /* PortfolioView.swift */,
				CACC23842805E8A60056A20F /* LazyVGridView.swift */,
			);
			path = View;
			sourceTree = "<group>";
		};
		CA2CD9D32809A223006F99AB /* Detail */ = {
			isa = PBXGroup;
			children = (
				CA2CD9D52809A279006F99AB /* ViewModels */,
				CA2CD9D42809A272006F99AB /* Views */,
			);
			path = Detail;
			sourceTree = "<group>";
		};
		CA2CD9D42809A272006F99AB /* Views */ = {
			isa = PBXGroup;
			children = (
				CA2CD9D62809A2B7006F99AB /* DetailView.swift */,
			);
			path = Views;
			sourceTree = "<group>";
		};
		CA2CD9D52809A279006F99AB /* ViewModels */ = {
			isa = PBXGroup;
			children = (
				CA2CD9DA2809C70D006F99AB /* DetailViewModel.swift */,
			);
			name = ViewModels;
			sourceTree = "<group>";
		};
		CA5007C2280076F800C39485 /* Components */ = {
			isa = PBXGroup;
			children = (
				CA07D4DD280309F0001C5233 /* SearchBarView.swift */,
				CA07D4E328034A31001C5233 /* StatisticView.swift */,
				CA07D4D42802C8A2001C5233 /* CoinImage */,
				CA5007C32800772E00C39485 /* CircleButton */,
			);
			path = Components;
			sourceTree = "<group>";
		};
		CA5007C32800772E00C39485 /* CircleButton */ = {
			isa = PBXGroup;
			children = (
				CA5007C42800775300C39485 /* CircleButtonView.swift */,
				CA5007C6280080F600C39485 /* CircleButtonAnimationView.swift */,
			);
			path = CircleButton;
			sourceTree = "<group>";
		};
		CA5007C82800862100C39485 /* Models */ = {
			isa = PBXGroup;
			children = (
				CA5007C92800863100C39485 /* CoinModel.swift */,
				CA2CD9D82809C399006F99AB /* CoinDetailModel.swift */,
				CA07D4E1280331DA001C5233 /* StatisticModel.swift */,
				CA07D4E928036B73001C5233 /* MarketDataModel.swift */,
				CADDC13A280823360027592F /* PortfolioContainer.xcdatamodeld */,
			);
			path = Models;
			sourceTree = "<group>";
		};
		CAA0F9CA2802050300DF8471 /* Services */ = {
			isa = PBXGroup;
			children = (
				CAA0F9CB2802051D00DF8471 /* CoinDataService.swift */,
				CA2CD9DC2809C786006F99AB /* CoinDetailDataService.swift */,
				CA07D4D72802CB6C001C5233 /* CoinImageService.swift */,
				CA07D4EB2803711B001C5233 /* MarketDataService.swift */,
				CADDC13D280835080027592F /* PortfolioDataService.swift */,
			);
			path = Services;
			sourceTree = "<group>";
		};
		CAA0F9CD2802116900DF8471 /* Utilities */ = {
			isa = PBXGroup;
			children = (
				CAA0F9CE2802120D00DF8471 /* NetworkingManager.swift */,
				CA07D4DB2802F21C001C5233 /* LocalFileManager.swift */,
				CADDC13F2808AF410027592F /* HapticManager.swift */,
			);
			path = Utilities;
			sourceTree = "<group>";
		};
/* End PBXGroup section */

/* Begin PBXNativeTarget section */
		CA23553A28004319007F80AF /* CryptoManager (iOS) */ = {
			isa = PBXNativeTarget;
			buildConfigurationList = CA23554C28004319007F80AF /* Build configuration list for PBXNativeTarget "CryptoManager (iOS)" */;
			buildPhases = (
				CA23553728004319007F80AF /* Sources */,
				CA23553828004319007F80AF /* Frameworks */,
				CA23553928004319007F80AF /* Resources */,
			);
			buildRules = (
			);
			dependencies = (
			);
			name = "CryptoManager (iOS)";
			productName = "CryptoManager (iOS)";
			productReference = CA23553B28004319007F80AF /* CryptoManager.app */;
			productType = "com.apple.product-type.application";
		};
		CA23554028004319007F80AF /* CryptoManager (macOS) */ = {
			isa = PBXNativeTarget;
			buildConfigurationList = CA23554F28004319007F80AF /* Build configuration list for PBXNativeTarget "CryptoManager (macOS)" */;
			buildPhases = (
				CA23553D28004319007F80AF /* Sources */,
				CA23553E28004319007F80AF /* Frameworks */,
				CA23553F28004319007F80AF /* Resources */,
			);
			buildRules = (
			);
			dependencies = (
			);
			name = "CryptoManager (macOS)";
			productName = "CryptoManager (macOS)";
			productReference = CA23554128004319007F80AF /* CryptoManager.app */;
			productType = "com.apple.product-type.application";
		};
/* End PBXNativeTarget section */

/* Begin PBXProject section */
		CA23552F28004316007F80AF /* Project object */ = {
			isa = PBXProject;
			attributes = {
				BuildIndependentTargetsInParallel = 1;
				LastSwiftUpdateCheck = 1330;
				LastUpgradeCheck = 1330;
				TargetAttributes = {
					CA23553A28004319007F80AF = {
						CreatedOnToolsVersion = 13.3;
					};
					CA23554028004319007F80AF = {
						CreatedOnToolsVersion = 13.3;
					};
				};
			};
			buildConfigurationList = CA23553228004316007F80AF /* Build configuration list for PBXProject "CryptoManager" */;
			compatibilityVersion = "Xcode 13.0";
			developmentRegion = en;
			hasScannedForEncodings = 0;
			knownRegions = (
				en,
				Base,
			);
			mainGroup = CA23552E28004316007F80AF;
			productRefGroup = CA23553C28004319007F80AF /* Products */;
			projectDirPath = "";
			projectRoot = "";
			targets = (
				CA23553A28004319007F80AF /* CryptoManager (iOS) */,
				CA23554028004319007F80AF /* CryptoManager (macOS) */,
			);
		};
/* End PBXProject section */

/* Begin PBXResourcesBuildPhase section */
		CA23553928004319007F80AF /* Resources */ = {
			isa = PBXResourcesBuildPhase;
			buildActionMask = 2147483647;
			files = (
				CA23555328004893007F80AF /* Assets.xcassets in Resources */,
			);
			runOnlyForDeploymentPostprocessing = 0;
		};
		CA23553F28004319007F80AF /* Resources */ = {
			isa = PBXResourcesBuildPhase;
			buildActionMask = 2147483647;
			files = (
			);
			runOnlyForDeploymentPostprocessing = 0;
		};
/* End PBXResourcesBuildPhase section */

/* Begin PBXSourcesBuildPhase section */
		CA23553728004319007F80AF /* Sources */ = {
			isa = PBXSourcesBuildPhase;
			buildActionMask = 2147483647;
			files = (
				CADDC13C280823360027592F /* PortfolioContainer.xcdatamodeld in Sources */,
				CA07D4E028031016001C5233 /* UIApplication.swift in Sources */,
				CA07D4EC2803711B001C5233 /* MarketDataService.swift in Sources */,
				CA75A4E4280481A900FEDB30 /* CoinLogoView.swift in Sources */,
				CA07D4E428034A31001C5233 /* StatisticView.swift in Sources */,
				CA07D4DA2802D0ED001C5233 /* CoinImageViewModel.swift in Sources */,
				CA07D4D62802C8B9001C5233 /* CoinImageView.swift in Sources */,
				CA23555C28004AFF007F80AF /* HomeView.swift in Sources */,
				CA23554428004319007F80AF /* CryptoManagerApp.swift in Sources */,
				CA75A4E0280474AC00FEDB30 /* PortfolioView.swift in Sources */,
				CA07D4E2280331DA001C5233 /* StatisticModel.swift in Sources */,
				CA5007C52800775300C39485 /* CircleButtonView.swift in Sources */,
				CAA0F9C92801F2C100DF8471 /* HomeViewModel.swift in Sources */,
				CA235556280048E9007F80AF /* Color.swift in Sources */,
				CA07D4DC2802F21C001C5233 /* LocalFileManager.swift in Sources */,
				CA07D4E828035291001C5233 /* HomeStatsView.swift in Sources */,
				CA2CD9D72809A2B7006F99AB /* DetailView.swift in Sources */,
				CADDC1402808AF410027592F /* HapticManager.swift in Sources */,
				CA5007C7280080F600C39485 /* CircleButtonAnimationView.swift in Sources */,
				CA07D4EA28036B73001C5233 /* MarketDataModel.swift in Sources */,
				CAF721412801CFBA00DD77F6 /* PreviewProvider.swift in Sources */,
				CAF7213F2801CDF400DD77F6 /* CoinRowView.swift in Sources */,
				CAF721442801D8C300DD77F6 /* Double.swift in Sources */,
				CAA0F9CF2802120D00DF8471 /* NetworkingManager.swift in Sources */,
				CA5007CA2800863100C39485 /* CoinModel.swift in Sources */,
				CA75A4E22804797C00FEDB30 /* XMarkButton.swift in Sources */,
				CA07D4D82802CB6C001C5233 /* CoinImageService.swift in Sources */,
				CACC23852805E8A60056A20F /* LazyVGridView.swift in Sources */,
				CA07D4DE280309F0001C5233 /* SearchBarView.swift in Sources */,
				CA2CD9D92809C399006F99AB /* CoinDetailModel.swift in Sources */,
				CAA0F9CC2802051D00DF8471 /* CoinDataService.swift in Sources */,
				CA2CD9DD2809C786006F99AB /* CoinDetailDataService.swift in Sources */,
				CA2CD9DB2809C70D006F99AB /* DetailViewModel.swift in Sources */,
				CADDC13E280835080027592F /* PortfolioDataService.swift in Sources */,
			);
			runOnlyForDeploymentPostprocessing = 0;
		};
		CA23553D28004319007F80AF /* Sources */ = {
			isa = PBXSourcesBuildPhase;
			buildActionMask = 2147483647;
			files = (
				CA23554528004319007F80AF /* CryptoManagerApp.swift in Sources */,
			);
			runOnlyForDeploymentPostprocessing = 0;
		};
/* End PBXSourcesBuildPhase section */

/* Begin XCBuildConfiguration section */
		CA23554A28004319007F80AF /* Debug */ = {
			isa = XCBuildConfiguration;
			buildSettings = {
				ALWAYS_SEARCH_USER_PATHS = NO;
				CLANG_ANALYZER_NONNULL = YES;
				CLANG_ANALYZER_NUMBER_OBJECT_CONVERSION = YES_AGGRESSIVE;
				CLANG_CXX_LANGUAGE_STANDARD = "gnu++17";
				CLANG_ENABLE_MODULES = YES;
				CLANG_ENABLE_OBJC_ARC = YES;
				CLANG_ENABLE_OBJC_WEAK = YES;
				CLANG_WARN_BLOCK_CAPTURE_AUTORELEASING = YES;
				CLANG_WARN_BOOL_CONVERSION = YES;
				CLANG_WARN_COMMA = YES;
				CLANG_WARN_CONSTANT_CONVERSION = YES;
				CLANG_WARN_DEPRECATED_OBJC_IMPLEMENTATIONS = YES;
				CLANG_WARN_DIRECT_OBJC_ISA_USAGE = YES_ERROR;
				CLANG_WARN_DOCUMENTATION_COMMENTS = YES;
				CLANG_WARN_EMPTY_BODY = YES;
				CLANG_WARN_ENUM_CONVERSION = YES;
				CLANG_WARN_INFINITE_RECURSION = YES;
				CLANG_WARN_INT_CONVERSION = YES;
				CLANG_WARN_NON_LITERAL_NULL_CONVERSION = YES;
				CLANG_WARN_OBJC_IMPLICIT_RETAIN_SELF = YES;
				CLANG_WARN_OBJC_LITERAL_CONVERSION = YES;
				CLANG_WARN_OBJC_ROOT_CLASS = YES_ERROR;
				CLANG_WARN_QUOTED_INCLUDE_IN_FRAMEWORK_HEADER = YES;
				CLANG_WARN_RANGE_LOOP_ANALYSIS = YES;
				CLANG_WARN_STRICT_PROTOTYPES = YES;
				CLANG_WARN_SUSPICIOUS_MOVE = YES;
				CLANG_WARN_UNGUARDED_AVAILABILITY = YES_AGGRESSIVE;
				CLANG_WARN_UNREACHABLE_CODE = YES;
				CLANG_WARN__DUPLICATE_METHOD_MATCH = YES;
				COPY_PHASE_STRIP = NO;
				DEBUG_INFORMATION_FORMAT = dwarf;
				ENABLE_STRICT_OBJC_MSGSEND = YES;
				ENABLE_TESTABILITY = YES;
				GCC_C_LANGUAGE_STANDARD = gnu11;
				GCC_DYNAMIC_NO_PIC = NO;
				GCC_NO_COMMON_BLOCKS = YES;
				GCC_OPTIMIZATION_LEVEL = 0;
				GCC_PREPROCESSOR_DEFINITIONS = (
					"DEBUG=1",
					"$(inherited)",
				);
				GCC_WARN_64_TO_32_BIT_CONVERSION = YES;
				GCC_WARN_ABOUT_RETURN_TYPE = YES_ERROR;
				GCC_WARN_UNDECLARED_SELECTOR = YES;
				GCC_WARN_UNINITIALIZED_AUTOS = YES_AGGRESSIVE;
				GCC_WARN_UNUSED_FUNCTION = YES;
				GCC_WARN_UNUSED_VARIABLE = YES;
				MTL_ENABLE_DEBUG_INFO = INCLUDE_SOURCE;
				MTL_FAST_MATH = YES;
				ONLY_ACTIVE_ARCH = YES;
				SWIFT_ACTIVE_COMPILATION_CONDITIONS = DEBUG;
				SWIFT_COMPILATION_MODE = wholemodule;
				SWIFT_OPTIMIZATION_LEVEL = "-Onone";
			};
			name = Debug;
		};
		CA23554B28004319007F80AF /* Release */ = {
			isa = XCBuildConfiguration;
			buildSettings = {
				ALWAYS_SEARCH_USER_PATHS = NO;
				CLANG_ANALYZER_NONNULL = YES;
				CLANG_ANALYZER_NUMBER_OBJECT_CONVERSION = YES_AGGRESSIVE;
				CLANG_CXX_LANGUAGE_STANDARD = "gnu++17";
				CLANG_ENABLE_MODULES = YES;
				CLANG_ENABLE_OBJC_ARC = YES;
				CLANG_ENABLE_OBJC_WEAK = YES;
				CLANG_WARN_BLOCK_CAPTURE_AUTORELEASING = YES;
				CLANG_WARN_BOOL_CONVERSION = YES;
				CLANG_WARN_COMMA = YES;
				CLANG_WARN_CONSTANT_CONVERSION = YES;
				CLANG_WARN_DEPRECATED_OBJC_IMPLEMENTATIONS = YES;
				CLANG_WARN_DIRECT_OBJC_ISA_USAGE = YES_ERROR;
				CLANG_WARN_DOCUMENTATION_COMMENTS = YES;
				CLANG_WARN_EMPTY_BODY = YES;
				CLANG_WARN_ENUM_CONVERSION = YES;
				CLANG_WARN_INFINITE_RECURSION = YES;
				CLANG_WARN_INT_CONVERSION = YES;
				CLANG_WARN_NON_LITERAL_NULL_CONVERSION = YES;
				CLANG_WARN_OBJC_IMPLICIT_RETAIN_SELF = YES;
				CLANG_WARN_OBJC_LITERAL_CONVERSION = YES;
				CLANG_WARN_OBJC_ROOT_CLASS = YES_ERROR;
				CLANG_WARN_QUOTED_INCLUDE_IN_FRAMEWORK_HEADER = YES;
				CLANG_WARN_RANGE_LOOP_ANALYSIS = YES;
				CLANG_WARN_STRICT_PROTOTYPES = YES;
				CLANG_WARN_SUSPICIOUS_MOVE = YES;
				CLANG_WARN_UNGUARDED_AVAILABILITY = YES_AGGRESSIVE;
				CLANG_WARN_UNREACHABLE_CODE = YES;
				CLANG_WARN__DUPLICATE_METHOD_MATCH = YES;
				COPY_PHASE_STRIP = NO;
				DEBUG_INFORMATION_FORMAT = "dwarf-with-dsym";
				ENABLE_NS_ASSERTIONS = NO;
				ENABLE_STRICT_OBJC_MSGSEND = YES;
				GCC_C_LANGUAGE_STANDARD = gnu11;
				GCC_NO_COMMON_BLOCKS = YES;
				GCC_WARN_64_TO_32_BIT_CONVERSION = YES;
				GCC_WARN_ABOUT_RETURN_TYPE = YES_ERROR;
				GCC_WARN_UNDECLARED_SELECTOR = YES;
				GCC_WARN_UNINITIALIZED_AUTOS = YES_AGGRESSIVE;
				GCC_WARN_UNUSED_FUNCTION = YES;
				GCC_WARN_UNUSED_VARIABLE = YES;
				MTL_ENABLE_DEBUG_INFO = NO;
				MTL_FAST_MATH = YES;
				ONLY_ACTIVE_ARCH = YES;
				SWIFT_COMPILATION_MODE = wholemodule;
				SWIFT_OPTIMIZATION_LEVEL = "-O";
			};
			name = Release;
		};
		CA23554D28004319007F80AF /* Debug */ = {
			isa = XCBuildConfiguration;
			buildSettings = {
				ASSETCATALOG_COMPILER_APPICON_NAME = AppIcon;
				ASSETCATALOG_COMPILER_GLOBAL_ACCENT_COLOR_NAME = AccentColor;
				CODE_SIGN_STYLE = Automatic;
				CURRENT_PROJECT_VERSION = 1;
				DEVELOPMENT_TEAM = 8K2Q9WF2BB;
				ENABLE_PREVIEWS = YES;
				GENERATE_INFOPLIST_FILE = YES;
				INFOPLIST_KEY_UIApplicationSceneManifest_Generation = YES;
				INFOPLIST_KEY_UIApplicationSupportsIndirectInputEvents = YES;
				INFOPLIST_KEY_UILaunchScreen_Generation = YES;
				INFOPLIST_KEY_UISupportedInterfaceOrientations = UIInterfaceOrientationPortrait;
				INFOPLIST_KEY_UISupportedInterfaceOrientations_iPad = "UIInterfaceOrientationPortrait UIInterfaceOrientationPortraitUpsideDown UIInterfaceOrientationLandscapeLeft UIInterfaceOrientationLandscapeRight";
				INFOPLIST_KEY_UISupportedInterfaceOrientations_iPhone = "UIInterfaceOrientationPortrait UIInterfaceOrientationLandscapeLeft UIInterfaceOrientationLandscapeRight";
				IPHONEOS_DEPLOYMENT_TARGET = 15.4;
				LD_RUNPATH_SEARCH_PATHS = (
					"$(inherited)",
					"@executable_path/Frameworks",
				);
				MARKETING_VERSION = 1.0;
				PRODUCT_BUNDLE_IDENTIFIER = Vardan.CryptoManager;
				PRODUCT_NAME = CryptoManager;
				SDKROOT = iphoneos;
				SWIFT_EMIT_LOC_STRINGS = YES;
				SWIFT_VERSION = 5.0;
				TARGETED_DEVICE_FAMILY = "1,2";
			};
			name = Debug;
		};
		CA23554E28004319007F80AF /* Release */ = {
			isa = XCBuildConfiguration;
			buildSettings = {
				ASSETCATALOG_COMPILER_APPICON_NAME = AppIcon;
				ASSETCATALOG_COMPILER_GLOBAL_ACCENT_COLOR_NAME = AccentColor;
				CODE_SIGN_STYLE = Automatic;
				CURRENT_PROJECT_VERSION = 1;
				DEVELOPMENT_TEAM = 8K2Q9WF2BB;
				ENABLE_PREVIEWS = YES;
				GENERATE_INFOPLIST_FILE = YES;
				INFOPLIST_KEY_UIApplicationSceneManifest_Generation = YES;
				INFOPLIST_KEY_UIApplicationSupportsIndirectInputEvents = YES;
				INFOPLIST_KEY_UILaunchScreen_Generation = YES;
				INFOPLIST_KEY_UISupportedInterfaceOrientations = UIInterfaceOrientationPortrait;
				INFOPLIST_KEY_UISupportedInterfaceOrientations_iPad = "UIInterfaceOrientationPortrait UIInterfaceOrientationPortraitUpsideDown UIInterfaceOrientationLandscapeLeft UIInterfaceOrientationLandscapeRight";
				INFOPLIST_KEY_UISupportedInterfaceOrientations_iPhone = "UIInterfaceOrientationPortrait UIInterfaceOrientationLandscapeLeft UIInterfaceOrientationLandscapeRight";
				IPHONEOS_DEPLOYMENT_TARGET = 15.4;
				LD_RUNPATH_SEARCH_PATHS = (
					"$(inherited)",
					"@executable_path/Frameworks",
				);
				MARKETING_VERSION = 1.0;
				PRODUCT_BUNDLE_IDENTIFIER = Vardan.CryptoManager;
				PRODUCT_NAME = CryptoManager;
				SDKROOT = iphoneos;
				SWIFT_EMIT_LOC_STRINGS = YES;
				SWIFT_VERSION = 5.0;
				TARGETED_DEVICE_FAMILY = "1,2";
				VALIDATE_PRODUCT = YES;
			};
			name = Release;
		};
		CA23555028004319007F80AF /* Debug */ = {
			isa = XCBuildConfiguration;
			buildSettings = {
				ASSETCATALOG_COMPILER_APPICON_NAME = AppIcon;
				ASSETCATALOG_COMPILER_GLOBAL_ACCENT_COLOR_NAME = AccentColor;
				CODE_SIGN_ENTITLEMENTS = macOS/macOS.entitlements;
				CODE_SIGN_STYLE = Automatic;
				COMBINE_HIDPI_IMAGES = YES;
				CURRENT_PROJECT_VERSION = 1;
				DEVELOPMENT_TEAM = 8K2Q9WF2BB;
				ENABLE_HARDENED_RUNTIME = YES;
				ENABLE_PREVIEWS = YES;
				GENERATE_INFOPLIST_FILE = YES;
				INFOPLIST_KEY_NSHumanReadableCopyright = "";
				LD_RUNPATH_SEARCH_PATHS = (
					"$(inherited)",
					"@executable_path/../Frameworks",
				);
				MACOSX_DEPLOYMENT_TARGET = 12.3;
				MARKETING_VERSION = 1.0;
				PRODUCT_BUNDLE_IDENTIFIER = Vardan.CryptoManager;
				PRODUCT_NAME = CryptoManager;
				SDKROOT = macosx;
				SWIFT_EMIT_LOC_STRINGS = YES;
				SWIFT_VERSION = 5.0;
			};
			name = Debug;
		};
		CA23555128004319007F80AF /* Release */ = {
			isa = XCBuildConfiguration;
			buildSettings = {
				ASSETCATALOG_COMPILER_APPICON_NAME = AppIcon;
				ASSETCATALOG_COMPILER_GLOBAL_ACCENT_COLOR_NAME = AccentColor;
				CODE_SIGN_ENTITLEMENTS = macOS/macOS.entitlements;
				CODE_SIGN_STYLE = Automatic;
				COMBINE_HIDPI_IMAGES = YES;
				CURRENT_PROJECT_VERSION = 1;
				DEVELOPMENT_TEAM = 8K2Q9WF2BB;
				ENABLE_HARDENED_RUNTIME = YES;
				ENABLE_PREVIEWS = YES;
				GENERATE_INFOPLIST_FILE = YES;
				INFOPLIST_KEY_NSHumanReadableCopyright = "";
				LD_RUNPATH_SEARCH_PATHS = (
					"$(inherited)",
					"@executable_path/../Frameworks",
				);
				MACOSX_DEPLOYMENT_TARGET = 12.3;
				MARKETING_VERSION = 1.0;
				PRODUCT_BUNDLE_IDENTIFIER = Vardan.CryptoManager;
				PRODUCT_NAME = CryptoManager;
				SDKROOT = macosx;
				SWIFT_EMIT_LOC_STRINGS = YES;
				SWIFT_VERSION = 5.0;
			};
			name = Release;
		};
/* End XCBuildConfiguration section */

/* Begin XCConfigurationList section */
		CA23553228004316007F80AF /* Build configuration list for PBXProject "CryptoManager" */ = {
			isa = XCConfigurationList;
			buildConfigurations = (
				CA23554A28004319007F80AF /* Debug */,
				CA23554B28004319007F80AF /* Release */,
			);
			defaultConfigurationIsVisible = 0;
			defaultConfigurationName = Release;
		};
		CA23554C28004319007F80AF /* Build configuration list for PBXNativeTarget "CryptoManager (iOS)" */ = {
			isa = XCConfigurationList;
			buildConfigurations = (
				CA23554D28004319007F80AF /* Debug */,
				CA23554E28004319007F80AF /* Release */,
			);
			defaultConfigurationIsVisible = 0;
			defaultConfigurationName = Release;
		};
		CA23554F28004319007F80AF /* Build configuration list for PBXNativeTarget "CryptoManager (macOS)" */ = {
			isa = XCConfigurationList;
			buildConfigurations = (
				CA23555028004319007F80AF /* Debug */,
				CA23555128004319007F80AF /* Release */,
			);
			defaultConfigurationIsVisible = 0;
			defaultConfigurationName = Release;
		};
/* End XCConfigurationList section */

/* Begin XCVersionGroup section */
		CADDC13A280823360027592F /* PortfolioContainer.xcdatamodeld */ = {
			isa = XCVersionGroup;
			children = (
				CADDC13B280823360027592F /* PortfolioContainer.xcdatamodel */,
			);
			currentVersion = CADDC13B280823360027592F /* PortfolioContainer.xcdatamodel */;
			path = PortfolioContainer.xcdatamodeld;
			sourceTree = "<group>";
			versionGroupType = wrapper.xcdatamodel;
		};
/* End XCVersionGroup section */
	};
	rootObject = CA23552F28004316007F80AF /* Project object */;
}
